github.com/jbarone/mobiledoc v0.0.0-20200429004548-692c62901bfe h1:UI9vldhhkXcAKhrqb9UvH1i/osXksOjq9Zn0SGbsQaw=
github.com/jbarone/mobiledoc v0.0.0-20200429004548-692c62901bfe/go.mod h1:6GCrZv/oPlH/Sp17KLt+jXZ8aa7/xn7Vwoi9FPD5U/k=
github.com/pkg/errors v0.8.0 h1:WdK/asTD0HN+q6hsWO3/vpuAkAr+tw6aNJNDFFf0+qw=
github.com/pkg/errors v0.8.0/go.mod h1:bwawxfHBFNV+L2hUp1rHADufV3IMtnDRdf1r5NINEl0=
